// !$*UTF8*$!
{
	archiveVersion = 1;
	classes = {
	};
	objectVersion = 50;
	objects = {

/* Begin PBXBuildFile section */
		C57556A32479DEDF00A57726 /* AppDelegate.swift in Sources */ = {isa = PBXBuildFile; fileRef = C57556A22479DEDF00A57726 /* AppDelegate.swift */; };
		C57556A52479DEDF00A57726 /* SceneDelegate.swift in Sources */ = {isa = PBXBuildFile; fileRef = C57556A42479DEDF00A57726 /* SceneDelegate.swift */; };
		C57556A72479DEDF00A57726 /* EmojiGameView.swift in Sources */ = {isa = PBXBuildFile; fileRef = C57556A62479DEDF00A57726 /* EmojiGameView.swift */; };
		C57556A92479DEE000A57726 /* Assets.xcassets in Resources */ = {isa = PBXBuildFile; fileRef = C57556A82479DEE000A57726 /* Assets.xcassets */; };
		C57556AC2479DEE000A57726 /* Preview Assets.xcassets in Resources */ = {isa = PBXBuildFile; fileRef = C57556AB2479DEE000A57726 /* Preview Assets.xcassets */; };
		C57556AF2479DEE000A57726 /* LaunchScreen.storyboard in Resources */ = {isa = PBXBuildFile; fileRef = C57556AD2479DEE000A57726 /* LaunchScreen.storyboard */; };
		C5F73B5C247A2413006FF589 /* MemoryGameModel.swift in Sources */ = {isa = PBXBuildFile; fileRef = C5F73B5B247A2413006FF589 /* MemoryGameModel.swift */; };
		C5F73B5E247A26DC006FF589 /* EmojiMemoryGameViewModel.swift in Sources */ = {isa = PBXBuildFile; fileRef = C5F73B5D247A26DC006FF589 /* EmojiMemoryGameViewModel.swift */; };
/* End PBXBuildFile section */

/* Begin PBXFileReference section */
		C575569F2479DEDF00A57726 /* CardMatcher.app */ = {isa = PBXFileReference; explicitFileType = wrapper.application; includeInIndex = 0; path = CardMatcher.app; sourceTree = BUILT_PRODUCTS_DIR; };
		C57556A22479DEDF00A57726 /* AppDelegate.swift */ = {isa = PBXFileReference; lastKnownFileType = sourcecode.swift; path = AppDelegate.swift; sourceTree = "<group>"; };
		C57556A42479DEDF00A57726 /* SceneDelegate.swift */ = {isa = PBXFileReference; lastKnownFileType = sourcecode.swift; path = SceneDelegate.swift; sourceTree = "<group>"; };
		C57556A62479DEDF00A57726 /* EmojiGameView.swift */ = {isa = PBXFileReference; lastKnownFileType = sourcecode.swift; path = EmojiGameView.swift; sourceTree = "<group>"; };
		C57556A82479DEE000A57726 /* Assets.xcassets */ = {isa = PBXFileReference; lastKnownFileType = folder.assetcatalog; path = Assets.xcassets; sourceTree = "<group>"; };
		C57556AB2479DEE000A57726 /* Preview Assets.xcassets */ = {isa = PBXFileReference; lastKnownFileType = folder.assetcatalog; path = "Preview Assets.xcassets"; sourceTree = "<group>"; };
		C57556AE2479DEE000A57726 /* Base */ = {isa = PBXFileReference; lastKnownFileType = file.storyboard; name = Base; path = Base.lproj/LaunchScreen.storyboard; sourceTree = "<group>"; };
		C57556B02479DEE000A57726 /* Info.plist */ = {isa = PBXFileReference; lastKnownFileType = text.plist.xml; path = Info.plist; sourceTree = "<group>"; };
		C5F73B5B247A2413006FF589 /* MemoryGameModel.swift */ = {isa = PBXFileReference; lastKnownFileType = sourcecode.swift; path = MemoryGameModel.swift; sourceTree = SOURCE_ROOT; };
		C5F73B5D247A26DC006FF589 /* EmojiMemoryGameViewModel.swift */ = {isa = PBXFileReference; lastKnownFileType = sourcecode.swift; path = EmojiMemoryGameViewModel.swift; sourceTree = "<group>"; };
/* End PBXFileReference section */

/* Begin PBXFrameworksBuildPhase section */
		C575569C2479DEDF00A57726 /* Frameworks */ = {
			isa = PBXFrameworksBuildPhase;
			buildActionMask = 2147483647;
			files = (
			);
			runOnlyForDeploymentPostprocessing = 0;
		};
/* End PBXFrameworksBuildPhase section */

/* Begin PBXGroup section */
		C57556962479DEDF00A57726 = {
			isa = PBXGroup;
			children = (
				C57556A12479DEDF00A57726 /* CardMatcher */,
				C57556A02479DEDF00A57726 /* Products */,
			);
			sourceTree = "<group>";
		};
		C57556A02479DEDF00A57726 /* Products */ = {
			isa = PBXGroup;
			children = (
				C575569F2479DEDF00A57726 /* CardMatcher.app */,
			);
			name = Products;
			sourceTree = "<group>";
		};
		C57556A12479DEDF00A57726 /* CardMatcher */ = {
			isa = PBXGroup;
			children = (
				C5F73B5B247A2413006FF589 /* MemoryGameModel.swift */,
				C5F73B5D247A26DC006FF589 /* EmojiMemoryGameViewModel.swift */,
				C57556A22479DEDF00A57726 /* AppDelegate.swift */,
				C57556A42479DEDF00A57726 /* SceneDelegate.swift */,
				C57556A62479DEDF00A57726 /* EmojiGameView.swift */,
				C57556A82479DEE000A57726 /* Assets.xcassets */,
				C57556AD2479DEE000A57726 /* LaunchScreen.storyboard */,
				C57556B02479DEE000A57726 /* Info.plist */,
				C57556AA2479DEE000A57726 /* Preview Content */,
			);
			path = CardMatcher;
			sourceTree = "<group>";
		};
		C57556AA2479DEE000A57726 /* Preview Content */ = {
			isa = PBXGroup;
			children = (
				C57556AB2479DEE000A57726 /* Preview Assets.xcassets */,
			);
			path = "Preview Content";
			sourceTree = "<group>";
		};
/* End PBXGroup section */

/* Begin PBXNativeTarget section */
		C575569E2479DEDF00A57726 /* CardMatcher */ = {
			isa = PBXNativeTarget;
			buildConfigurationList = C57556B32479DEE000A57726 /* Build configuration list for PBXNativeTarget "CardMatcher" */;
			buildPhases = (
				C575569B2479DEDF00A57726 /* Sources */,
				C575569C2479DEDF00A57726 /* Frameworks */,
				C575569D2479DEDF00A57726 /* Resources */,
			);
			buildRules = (
			);
			dependencies = (
			);
			name = CardMatcher;
			productName = CardMatcher;
			productReference = C575569F2479DEDF00A57726 /* CardMatcher.app */;
			productType = "com.apple.product-type.application";
		};
/* End PBXNativeTarget section */

/* Begin PBXProject section */
		C57556972479DEDF00A57726 /* Project object */ = {
			isa = PBXProject;
			attributes = {
				LastSwiftUpdateCheck = 1130;
				LastUpgradeCheck = 1130;
				ORGANIZATIONNAME = "Joy Paul";
				TargetAttributes = {
					C575569E2479DEDF00A57726 = {
						CreatedOnToolsVersion = 11.3.1;
					};
				};
			};
			buildConfigurationList = C575569A2479DEDF00A57726 /* Build configuration list for PBXProject "CardMatcher" */;
			compatibilityVersion = "Xcode 9.3";
			developmentRegion = en;
			hasScannedForEncodings = 0;
			knownRegions = (
				en,
				Base,
			);
			mainGroup = C57556962479DEDF00A57726;
			productRefGroup = C57556A02479DEDF00A57726 /* Products */;
			projectDirPath = "";
			projectRoot = "";
			targets = (
				C575569E2479DEDF00A57726 /* CardMatcher */,
			);
		};
/* End PBXProject section */

/* Begin PBXResourcesBuildPhase section */
		C575569D2479DEDF00A57726 /* Resources */ = {
			isa = PBXResourcesBuildPhase;
			buildActionMask = 2147483647;
			files = (
				C57556AF2479DEE000A57726 /* LaunchScreen.storyboard in Resources */,
				C57556AC2479DEE000A57726 /* Preview Assets.xcassets in Resources */,
				C57556A92479DEE000A57726 /* Assets.xcassets in Resources */,
			);
			runOnlyForDeploymentPostprocessing = 0;
		};
/* End PBXResourcesBuildPhase section */

/* Begin PBXSourcesBuildPhase section */
		C575569B2479DEDF00A57726 /* Sources */ = {
			isa = PBXSourcesBuildPhase;
			buildActionMask = 2147483647;
			files = (
				C57556A32479DEDF00A57726 /* AppDelegate.swift in Sources */,
				C57556A52479DEDF00A57726 /* SceneDelegate.swift in Sources */,
				C5F73B5C247A2413006FF589 /* MemoryGameModel.swift in Sources */,
				C57556A72479DEDF00A57726 /* EmojiGameView.swift in Sources */,
				C5F73B5E247A26DC006FF589 /* EmojiMemoryGameViewModel.swift in Sources */,
			);
			runOnlyForDeploymentPostprocessing = 0;
		};
/* End PBXSourcesBuildPhase section */

/* Begin PBXVariantGroup section */
		C57556AD2479DEE000A57726 /* LaunchScreen.storyboard */ = {
			isa = PBXVariantGroup;
			children = (
				C57556AE2479DEE000A57726 /* Base */,
			);
			name = LaunchScreen.storyboard;
			sourceTree = "<group>";
		};
/* End PBXVariantGroup section */

/* Begin XCBuildConfiguration section */
		C57556B12479DEE000A57726 /* Debug */ = {
			isa = XCBuildConfiguration;
			buildSettings = {
				ALWAYS_SEARCH_USER_PATHS = NO;
				CLANG_ANALYZER_NONNULL = YES;
				CLANG_ANALYZER_NUMBER_OBJECT_CONVERSION = YES_AGGRESSIVE;
				CLANG_CXX_LANGUAGE_STANDARD = "gnu++14";
				CLANG_CXX_LIBRARY = "libc++";
				CLANG_ENABLE_MODULES = YES;
				CLANG_ENABLE_OBJC_ARC = YES;
				CLANG_ENABLE_OBJC_WEAK = YES;
				CLANG_WARN_BLOCK_CAPTURE_AUTORELEASING = YES;
				CLANG_WARN_BOOL_CONVERSION = YES;
				CLANG_WARN_COMMA = YES;
				CLANG_WARN_CONSTANT_CONVERSION = YES;
				CLANG_WARN_DEPRECATED_OBJC_IMPLEMENTATIONS = YES;
				CLANG_WARN_DIRECT_OBJC_ISA_USAGE = YES_ERROR;
				CLANG_WARN_DOCUMENTATION_COMMENTS = YES;
				CLANG_WARN_EMPTY_BODY = YES;
				CLANG_WARN_ENUM_CONVERSION = YES;
				CLANG_WARN_INFINITE_RECURSION = YES;
				CLANG_WARN_INT_CONVERSION = YES;
				CLANG_WARN_NON_LITERAL_NULL_CONVERSION = YES;
				CLANG_WARN_OBJC_IMPLICIT_RETAIN_SELF = YES;
				CLANG_WARN_OBJC_LITERAL_CONVERSION = YES;
				CLANG_WARN_OBJC_ROOT_CLASS = YES_ERROR;
				CLANG_WARN_RANGE_LOOP_ANALYSIS = YES;
				CLANG_WARN_STRICT_PROTOTYPES = YES;
				CLANG_WARN_SUSPICIOUS_MOVE = YES;
				CLANG_WARN_UNGUARDED_AVAILABILITY = YES_AGGRESSIVE;
				CLANG_WARN_UNREACHABLE_CODE = YES;
				CLANG_WARN__DUPLICATE_METHOD_MATCH = YES;
				COPY_PHASE_STRIP = NO;
				DEBUG_INFORMATION_FORMAT = dwarf;
				ENABLE_STRICT_OBJC_MSGSEND = YES;
				ENABLE_TESTABILITY = YES;
				GCC_C_LANGUAGE_STANDARD = gnu11;
				GCC_DYNAMIC_NO_PIC = NO;
				GCC_NO_COMMON_BLOCKS = YES;
				GCC_OPTIMIZATION_LEVEL = 0;
				GCC_PREPROCESSOR_DEFINITIONS = (
					"DEBUG=1",
					"$(inherited)",
				);
				GCC_WARN_64_TO_32_BIT_CONVERSION = YES;
				GCC_WARN_ABOUT_RETURN_TYPE = YES_ERROR;
				GCC_WARN_UNDECLARED_SELECTOR = YES;
				GCC_WARN_UNINITIALIZED_AUTOS = YES_AGGRESSIVE;
				GCC_WARN_UNUSED_FUNCTION = YES;
				GCC_WARN_UNUSED_VARIABLE = YES;
				IPHONEOS_DEPLOYMENT_TARGET = 13.2;
				MTL_ENABLE_DEBUG_INFO = INCLUDE_SOURCE;
				MTL_FAST_MATH = YES;
				ONLY_ACTIVE_ARCH = YES;
				SDKROOT = iphoneos;
				SWIFT_ACTIVE_COMPILATION_CONDITIONS = DEBUG;
				SWIFT_OPTIMIZATION_LEVEL = "-Onone";
			};
			name = Debug;
		};
		C57556B22479DEE000A57726 /* Release */ = {
			isa = XCBuildConfiguration;
			buildSettings = {
				ALWAYS_SEARCH_USER_PATHS = NO;
				CLANG_ANALYZER_NONNULL = YES;
				CLANG_ANALYZER_NUMBER_OBJECT_CONVERSION = YES_AGGRESSIVE;
				CLANG_CXX_LANGUAGE_STANDARD = "gnu++14";
				CLANG_CXX_LIBRARY = "libc++";
				CLANG_ENABLE_MODULES = YES;
				CLANG_ENABLE_OBJC_ARC = YES;
				CLANG_ENABLE_OBJC_WEAK = YES;
				CLANG_WARN_BLOCK_CAPTURE_AUTORELEASING = YES;
				CLANG_WARN_BOOL_CONVERSION = YES;
				CLANG_WARN_COMMA = YES;
				CLANG_WARN_CONSTANT_CONVERSION = YES;
				CLANG_WARN_DEPRECATED_OBJC_IMPLEMENTATIONS = YES;
				CLANG_WARN_DIRECT_OBJC_ISA_USAGE = YES_ERROR;
				CLANG_WARN_DOCUMENTATION_COMMENTS = YES;
				CLANG_WARN_EMPTY_BODY = YES;
				CLANG_WARN_ENUM_CONVERSION = YES;
				CLANG_WARN_INFINITE_RECURSION = YES;
				CLANG_WARN_INT_CONVERSION = YES;
				CLANG_WARN_NON_LITERAL_NULL_CONVERSION = YES;
				CLANG_WARN_OBJC_IMPLICIT_RETAIN_SELF = YES;
				CLANG_WARN_OBJC_LITERAL_CONVERSION = YES;
				CLANG_WARN_OBJC_ROOT_CLASS = YES_ERROR;
				CLANG_WARN_RANGE_LOOP_ANALYSIS = YES;
				CLANG_WARN_STRICT_PROTOTYPES = YES;
				CLANG_WARN_SUSPICIOUS_MOVE = YES;
				CLANG_WARN_UNGUARDED_AVAILABILITY = YES_AGGRESSIVE;
				CLANG_WARN_UNREACHABLE_CODE = YES;
				CLANG_WARN__DUPLICATE_METHOD_MATCH = YES;
				COPY_PHASE_STRIP = NO;
				DEBUG_INFORMATION_FORMAT = "dwarf-with-dsym";
				ENABLE_NS_ASSERTIONS = NO;
				ENABLE_STRICT_OBJC_MSGSEND = YES;
				GCC_C_LANGUAGE_STANDARD = gnu11;
				GCC_NO_COMMON_BLOCKS = YES;
				GCC_WARN_64_TO_32_BIT_CONVERSION = YES;
				GCC_WARN_ABOUT_RETURN_TYPE = YES_ERROR;
				GCC_WARN_UNDECLARED_SELECTOR = YES;
				GCC_WARN_UNINITIALIZED_AUTOS = YES_AGGRESSIVE;
				GCC_WARN_UNUSED_FUNCTION = YES;
				GCC_WARN_UNUSED_VARIABLE = YES;
				IPHONEOS_DEPLOYMENT_TARGET = 13.2;
				MTL_ENABLE_DEBUG_INFO = NO;
				MTL_FAST_MATH = YES;
				SDKROOT = iphoneos;
				SWIFT_COMPILATION_MODE = wholemodule;
				SWIFT_OPTIMIZATION_LEVEL = "-O";
				VALIDATE_PRODUCT = YES;
			};
			name = Release;
		};
		C57556B42479DEE000A57726 /* Debug */ = {
			isa = XCBuildConfiguration;
			buildSettings = {
				ASSETCATALOG_COMPILER_APPICON_NAME = AppIcon;
				CODE_SIGN_STYLE = Automatic;
				DEVELOPMENT_ASSET_PATHS = "\"CardMatcher/Preview Content\"";
				DEVELOPMENT_TEAM = BGNF8D28S2;
				ENABLE_PREVIEWS = YES;
				INFOPLIST_FILE = CardMatcher/Info.plist;
				LD_RUNPATH_SEARCH_PATHS = (
					"$(inherited)",
					"@executable_path/Frameworks",
				);
				PRODUCT_BUNDLE_IDENTIFIER = joypaul.08041995.brooklyn.ny6641.CardMatcher;
				PRODUCT_NAME = "$(TARGET_NAME)";
				SWIFT_VERSION = 5.0;
				TARGETED_DEVICE_FAMILY = "1,2";
			};
			name = Debug;
		};
		C57556B52479DEE000A57726 /* Release */ = {
			isa = XCBuildConfiguration;
			buildSettings = {
				ASSETCATALOG_COMPILER_APPICON_NAME = AppIcon;
				CODE_SIGN_STYLE = Automatic;
				DEVELOPMENT_ASSET_PATHS = "\"CardMatcher/Preview Content\"";
				DEVELOPMENT_TEAM = BGNF8D28S2;
				ENABLE_PREVIEWS = YES;
				INFOPLIST_FILE = CardMatcher/Info.plist;
				LD_RUNPATH_SEARCH_PATHS = (
					"$(inherited)",
					"@executable_path/Frameworks",
				);
				PRODUCT_BUNDLE_IDENTIFIER = joypaul.08041995.brooklyn.ny6641.CardMatcher;
				PRODUCT_NAME = "$(TARGET_NAME)";
				SWIFT_VERSION = 5.0;
				TARGETED_DEVICE_FAMILY = "1,2";
			};
			name = Release;
		};
/* End XCBuildConfiguration section */

/* Begin XCConfigurationList section */
		C575569A2479DEDF00A57726 /* Build configuration list for PBXProject "CardMatcher" */ = {
			isa = XCConfigurationList;
			buildConfigurations = (
				C57556B12479DEE000A57726 /* Debug */,
				C57556B22479DEE000A57726 /* Release */,
			);
			defaultConfigurationIsVisible = 0;
			defaultConfigurationName = Release;
		};
		C57556B32479DEE000A57726 /* Build configuration list for PBXNativeTarget "CardMatcher" */ = {
			isa = XCConfigurationList;
			buildConfigurations = (
				C57556B42479DEE000A57726 /* Debug */,
				C57556B52479DEE000A57726 /* Release */,
			);
			defaultConfigurationIsVisible = 0;
			defaultConfigurationName = Release;
		};
/* End XCConfigurationList section */
	};
	rootObject = C57556972479DEDF00A57726 /* Project object */;
}
